
Microsoft Visual Studio Solution File, Format Version 12.00
# Visual Studio Version 16
VisualStudioVersion = 16.0.31005.135
MinimumVisualStudioVersion = 10.0.40219.1
Project("{9A19103F-16F7-4668-BE54-9A1E7A4F7556}") = "HowdyNeighbor", "HowdyNeighbor\HowdyNeighbor.csproj", "{D58DF3E2-87DD-4FF3-92A9-45C3149E2A8E}"
EndProject
Global
	GlobalSection(SolutionConfigurationPlatforms) = preSolution
		Debug|Any CPU = Debug|Any CPU
		Release|Any CPU = Release|Any CPU
	EndGlobalSection
	GlobalSection(ProjectConfigurationPlatforms) = postSolution
		{D58DF3E2-87DD-4FF3-92A9-45C3149E2A8E}.Debug|Any CPU.ActiveCfg = Debug|Any CPU
		{D58DF3E2-87DD-4FF3-92A9-45C3149E2A8E}.Debug|Any CPU.Build.0 = Debug|Any CPU
		{D58DF3E2-87DD-4FF3-92A9-45C3149E2A8E}.Release|Any CPU.ActiveCfg = Release|Any CPU
		{D58DF3E2-87DD-4FF3-92A9-45C3149E2A8E}.Release|Any CPU.Build.0 = Release|Any CPU
	EndGlobalSection
	GlobalSection(SolutionProperties) = preSolution
		HideSolutionNode = FALSE
	EndGlobalSection
	GlobalSection(ExtensibilityGlobals) = postSolution
		SolutionGuid = {EE12CB36-4739-40D9-B470-CE54AB28AD1C}
	EndGlobalSection
EndGlobal
